
Microsoft Visual Studio Solution File, Format Version 11.00
# Visual Studio 2010
Project("{FAE04EC0-301F-11D3-BF4B-00C04F79EFBC}") = "Numerical Calculator", "Pierwiastki CS\Numerical Calculator.csproj", "{789B7B5E-F9D2-486B-94EB-C119F126AE95}"
EndProject
Project("{54435603-DBB4-11D2-8724-00A0C9A8B90C}") = "Numerical Calculator Setup", "PierwiastkiCS Setup\PierwiastkiCS Setup.vdproj", "{5F275D48-2275-49A3-9D6E-12358E5DC416}"
EndProject
Project("{FAE04EC0-301F-11D3-BF4B-00C04F79EFBC}") = "Bessel", "Bessel\Bessel.csproj", "{B1AE7CE0-9D40-4294-99B3-3DB1C6FD7AAD}"
EndProject
Project("{2150E333-8FDC-42A3-9474-1A3956D46DE8}") = "Libraries", "Libraries", "{CDC825F0-25AB-4610-A446-B3E74DD9F5EA}"
EndProject
Project("{FAE04EC0-301F-11D3-BF4B-00C04F79EFBC}") = "Calculator", "Calculator\Calculator.csproj", "{ABCF2024-B9ED-4BF1-B19F-336BB94CEFB2}"
EndProject
Project("{FAE04EC0-301F-11D3-BF4B-00C04F79EFBC}") = "Derivative", "Derivative\Derivative.csproj", "{26084897-09EC-4255-A641-BED2A36FDB99}"
EndProject
Project("{FAE04EC0-301F-11D3-BF4B-00C04F79EFBC}") = "Differential", "Differential\Differential.csproj", "{160A2F87-45D9-4603-BE1A-A1815F3FC034}"
EndProject
Project("{FAE04EC0-301F-11D3-BF4B-00C04F79EFBC}") = "NumericalCalculatorCommon", "NumericalCalculatorCommon\NumericalCalculatorCommon.csproj", "{C66448A1-26AF-4603-9109-D430A920C407}"
EndProject
Project("{FAE04EC0-301F-11D3-BF4B-00C04F79EFBC}") = "FourierTransform", "FourierTransform\FourierTransform.csproj", "{45489865-42D0-47B9-B401-E6F2B7B29A90}"
EndProject
Project("{FAE04EC0-301F-11D3-BF4B-00C04F79EFBC}") = "Hybrid", "Hybrid\Hybrid.csproj", "{E042347C-874C-490F-9185-D3F140FE51F0}"
EndProject
Project("{FAE04EC0-301F-11D3-BF4B-00C04F79EFBC}") = "Integral", "Integral\Integral.csproj", "{7E62C4FF-E2E8-4AA1-B3F1-1A22F12D743C}"
EndProject
Project("{FAE04EC0-301F-11D3-BF4B-00C04F79EFBC}") = "Interpolation", "Interpolation\Interpolation.csproj", "{AAA136B6-9A62-4BDE-88E0-50A0DC9E2215}"
EndProject
Project("{FAE04EC0-301F-11D3-BF4B-00C04F79EFBC}") = "LinearEquation", "LinearEquation\LinearEquation.csproj", "{990923CB-10A0-46EC-B76E-ED28B12EDEDC}"
EndProject
Project("{FAE04EC0-301F-11D3-BF4B-00C04F79EFBC}") = "Chart", "Chart\Chart.csproj", "{54E6D3FA-98D4-46EC-A5A2-6E58A32E1950}"
EndProject
Global
	GlobalSection(SolutionConfigurationPlatforms) = preSolution
		Debug|Any CPU = Debug|Any CPU
		Debug|Mixed Platforms = Debug|Mixed Platforms
		Debug|x86 = Debug|x86
		Release|Any CPU = Release|Any CPU
		Release|Mixed Platforms = Release|Mixed Platforms
		Release|x86 = Release|x86
	EndGlobalSection
	GlobalSection(ProjectConfigurationPlatforms) = postSolution
		{789B7B5E-F9D2-486B-94EB-C119F126AE95}.Debug|Any CPU.ActiveCfg = Debug|Any CPU
		{789B7B5E-F9D2-486B-94EB-C119F126AE95}.Debug|Any CPU.Build.0 = Debug|Any CPU
		{789B7B5E-F9D2-486B-94EB-C119F126AE95}.Debug|Mixed Platforms.ActiveCfg = Debug|Any CPU
		{789B7B5E-F9D2-486B-94EB-C119F126AE95}.Debug|Mixed Platforms.Build.0 = Debug|Any CPU
		{789B7B5E-F9D2-486B-94EB-C119F126AE95}.Debug|x86.ActiveCfg = Debug|Any CPU
		{789B7B5E-F9D2-486B-94EB-C119F126AE95}.Release|Any CPU.ActiveCfg = Release|Any CPU
		{789B7B5E-F9D2-486B-94EB-C119F126AE95}.Release|Any CPU.Build.0 = Release|Any CPU
		{789B7B5E-F9D2-486B-94EB-C119F126AE95}.Release|Mixed Platforms.ActiveCfg = Release|Any CPU
		{789B7B5E-F9D2-486B-94EB-C119F126AE95}.Release|Mixed Platforms.Build.0 = Release|Any CPU
		{789B7B5E-F9D2-486B-94EB-C119F126AE95}.Release|x86.ActiveCfg = Release|Any CPU
		{5F275D48-2275-49A3-9D6E-12358E5DC416}.Debug|Any CPU.ActiveCfg = Debug
		{5F275D48-2275-49A3-9D6E-12358E5DC416}.Debug|Mixed Platforms.ActiveCfg = Debug
		{5F275D48-2275-49A3-9D6E-12358E5DC416}.Debug|Mixed Platforms.Build.0 = Debug
		{5F275D48-2275-49A3-9D6E-12358E5DC416}.Debug|x86.ActiveCfg = Debug
		{5F275D48-2275-49A3-9D6E-12358E5DC416}.Debug|x86.Build.0 = Debug
		{5F275D48-2275-49A3-9D6E-12358E5DC416}.Release|Any CPU.ActiveCfg = Release
		{5F275D48-2275-49A3-9D6E-12358E5DC416}.Release|Mixed Platforms.ActiveCfg = Release
		{5F275D48-2275-49A3-9D6E-12358E5DC416}.Release|Mixed Platforms.Build.0 = Release
		{5F275D48-2275-49A3-9D6E-12358E5DC416}.Release|x86.ActiveCfg = Release
		{5F275D48-2275-49A3-9D6E-12358E5DC416}.Release|x86.Build.0 = Release
		{B1AE7CE0-9D40-4294-99B3-3DB1C6FD7AAD}.Debug|Any CPU.ActiveCfg = Debug|Any CPU
		{B1AE7CE0-9D40-4294-99B3-3DB1C6FD7AAD}.Debug|Any CPU.Build.0 = Debug|Any CPU
		{B1AE7CE0-9D40-4294-99B3-3DB1C6FD7AAD}.Debug|Mixed Platforms.ActiveCfg = Debug|Any CPU
		{B1AE7CE0-9D40-4294-99B3-3DB1C6FD7AAD}.Debug|Mixed Platforms.Build.0 = Debug|Any CPU
		{B1AE7CE0-9D40-4294-99B3-3DB1C6FD7AAD}.Debug|x86.ActiveCfg = Debug|Any CPU
		{B1AE7CE0-9D40-4294-99B3-3DB1C6FD7AAD}.Release|Any CPU.ActiveCfg = Release|Any CPU
		{B1AE7CE0-9D40-4294-99B3-3DB1C6FD7AAD}.Release|Any CPU.Build.0 = Release|Any CPU
		{B1AE7CE0-9D40-4294-99B3-3DB1C6FD7AAD}.Release|Mixed Platforms.ActiveCfg = Release|Any CPU
		{B1AE7CE0-9D40-4294-99B3-3DB1C6FD7AAD}.Release|Mixed Platforms.Build.0 = Release|Any CPU
		{B1AE7CE0-9D40-4294-99B3-3DB1C6FD7AAD}.Release|x86.ActiveCfg = Release|Any CPU
		{ABCF2024-B9ED-4BF1-B19F-336BB94CEFB2}.Debug|Any CPU.ActiveCfg = Debug|Any CPU
		{ABCF2024-B9ED-4BF1-B19F-336BB94CEFB2}.Debug|Any CPU.Build.0 = Debug|Any CPU
		{ABCF2024-B9ED-4BF1-B19F-336BB94CEFB2}.Debug|Mixed Platforms.ActiveCfg = Debug|Any CPU
		{ABCF2024-B9ED-4BF1-B19F-336BB94CEFB2}.Debug|Mixed Platforms.Build.0 = Debug|Any CPU
		{ABCF2024-B9ED-4BF1-B19F-336BB94CEFB2}.Debug|x86.ActiveCfg = Debug|Any CPU
		{ABCF2024-B9ED-4BF1-B19F-336BB94CEFB2}.Release|Any CPU.ActiveCfg = Release|Any CPU
		{ABCF2024-B9ED-4BF1-B19F-336BB94CEFB2}.Release|Any CPU.Build.0 = Release|Any CPU
		{ABCF2024-B9ED-4BF1-B19F-336BB94CEFB2}.Release|Mixed Platforms.ActiveCfg = Release|Any CPU
		{ABCF2024-B9ED-4BF1-B19F-336BB94CEFB2}.Release|Mixed Platforms.Build.0 = Release|Any CPU
		{ABCF2024-B9ED-4BF1-B19F-336BB94CEFB2}.Release|x86.ActiveCfg = Release|Any CPU
		{26084897-09EC-4255-A641-BED2A36FDB99}.Debug|Any CPU.ActiveCfg = Debug|Any CPU
		{26084897-09EC-4255-A641-BED2A36FDB99}.Debug|Any CPU.Build.0 = Debug|Any CPU
		{26084897-09EC-4255-A641-BED2A36FDB99}.Debug|Mixed Platforms.ActiveCfg = Debug|Any CPU
		{26084897-09EC-4255-A641-BED2A36FDB99}.Debug|Mixed Platforms.Build.0 = Debug|Any CPU
		{26084897-09EC-4255-A641-BED2A36FDB99}.Debug|x86.ActiveCfg = Debug|Any CPU
		{26084897-09EC-4255-A641-BED2A36FDB99}.Release|Any CPU.ActiveCfg = Release|Any CPU
		{26084897-09EC-4255-A641-BED2A36FDB99}.Release|Any CPU.Build.0 = Release|Any CPU
		{26084897-09EC-4255-A641-BED2A36FDB99}.Release|Mixed Platforms.ActiveCfg = Release|Any CPU
		{26084897-09EC-4255-A641-BED2A36FDB99}.Release|Mixed Platforms.Build.0 = Release|Any CPU
		{26084897-09EC-4255-A641-BED2A36FDB99}.Release|x86.ActiveCfg = Release|Any CPU
		{160A2F87-45D9-4603-BE1A-A1815F3FC034}.Debug|Any CPU.ActiveCfg = Debug|Any CPU
		{160A2F87-45D9-4603-BE1A-A1815F3FC034}.Debug|Any CPU.Build.0 = Debug|Any CPU
		{160A2F87-45D9-4603-BE1A-A1815F3FC034}.Debug|Mixed Platforms.ActiveCfg = Debug|Any CPU
		{160A2F87-45D9-4603-BE1A-A1815F3FC034}.Debug|Mixed Platforms.Build.0 = Debug|Any CPU
		{160A2F87-45D9-4603-BE1A-A1815F3FC034}.Debug|x86.ActiveCfg = Debug|Any CPU
		{160A2F87-45D9-4603-BE1A-A1815F3FC034}.Release|Any CPU.ActiveCfg = Release|Any CPU
		{160A2F87-45D9-4603-BE1A-A1815F3FC034}.Release|Any CPU.Build.0 = Release|Any CPU
		{160A2F87-45D9-4603-BE1A-A1815F3FC034}.Release|Mixed Platforms.ActiveCfg = Release|Any CPU
		{160A2F87-45D9-4603-BE1A-A1815F3FC034}.Release|Mixed Platforms.Build.0 = Release|Any CPU
		{160A2F87-45D9-4603-BE1A-A1815F3FC034}.Release|x86.ActiveCfg = Release|Any CPU
		{C66448A1-26AF-4603-9109-D430A920C407}.Debug|Any CPU.ActiveCfg = Debug|Any CPU
		{C66448A1-26AF-4603-9109-D430A920C407}.Debug|Any CPU.Build.0 = Debug|Any CPU
		{C66448A1-26AF-4603-9109-D430A920C407}.Debug|Mixed Platforms.ActiveCfg = Debug|Any CPU
		{C66448A1-26AF-4603-9109-D430A920C407}.Debug|Mixed Platforms.Build.0 = Debug|Any CPU
		{C66448A1-26AF-4603-9109-D430A920C407}.Debug|x86.ActiveCfg = Debug|Any CPU
		{C66448A1-26AF-4603-9109-D430A920C407}.Release|Any CPU.ActiveCfg = Release|Any CPU
		{C66448A1-26AF-4603-9109-D430A920C407}.Release|Any CPU.Build.0 = Release|Any CPU
		{C66448A1-26AF-4603-9109-D430A920C407}.Release|Mixed Platforms.ActiveCfg = Release|Any CPU
		{C66448A1-26AF-4603-9109-D430A920C407}.Release|Mixed Platforms.Build.0 = Release|Any CPU
		{C66448A1-26AF-4603-9109-D430A920C407}.Release|x86.ActiveCfg = Release|Any CPU
		{45489865-42D0-47B9-B401-E6F2B7B29A90}.Debug|Any CPU.ActiveCfg = Debug|Any CPU
		{45489865-42D0-47B9-B401-E6F2B7B29A90}.Debug|Any CPU.Build.0 = Debug|Any CPU
		{45489865-42D0-47B9-B401-E6F2B7B29A90}.Debug|Mixed Platforms.ActiveCfg = Debug|Any CPU
		{45489865-42D0-47B9-B401-E6F2B7B29A90}.Debug|Mixed Platforms.Build.0 = Debug|Any CPU
		{45489865-42D0-47B9-B401-E6F2B7B29A90}.Debug|x86.ActiveCfg = Debug|Any CPU
		{45489865-42D0-47B9-B401-E6F2B7B29A90}.Release|Any CPU.ActiveCfg = Release|Any CPU
		{45489865-42D0-47B9-B401-E6F2B7B29A90}.Release|Any CPU.Build.0 = Release|Any CPU
		{45489865-42D0-47B9-B401-E6F2B7B29A90}.Release|Mixed Platforms.ActiveCfg = Release|Any CPU
		{45489865-42D0-47B9-B401-E6F2B7B29A90}.Release|Mixed Platforms.Build.0 = Release|Any CPU
		{45489865-42D0-47B9-B401-E6F2B7B29A90}.Release|x86.ActiveCfg = Release|Any CPU
		{E042347C-874C-490F-9185-D3F140FE51F0}.Debug|Any CPU.ActiveCfg = Debug|Any CPU
		{E042347C-874C-490F-9185-D3F140FE51F0}.Debug|Any CPU.Build.0 = Debug|Any CPU
		{E042347C-874C-490F-9185-D3F140FE51F0}.Debug|Mixed Platforms.ActiveCfg = Debug|Any CPU
		{E042347C-874C-490F-9185-D3F140FE51F0}.Debug|Mixed Platforms.Build.0 = Debug|Any CPU
		{E042347C-874C-490F-9185-D3F140FE51F0}.Debug|x86.ActiveCfg = Debug|Any CPU
		{E042347C-874C-490F-9185-D3F140FE51F0}.Release|Any CPU.ActiveCfg = Release|Any CPU
		{E042347C-874C-490F-9185-D3F140FE51F0}.Release|Any CPU.Build.0 = Release|Any CPU
		{E042347C-874C-490F-9185-D3F140FE51F0}.Release|Mixed Platforms.ActiveCfg = Release|Any CPU
		{E042347C-874C-490F-9185-D3F140FE51F0}.Release|Mixed Platforms.Build.0 = Release|Any CPU
		{E042347C-874C-490F-9185-D3F140FE51F0}.Release|x86.ActiveCfg = Release|Any CPU
		{7E62C4FF-E2E8-4AA1-B3F1-1A22F12D743C}.Debug|Any CPU.ActiveCfg = Debug|Any CPU
		{7E62C4FF-E2E8-4AA1-B3F1-1A22F12D743C}.Debug|Any CPU.Build.0 = Debug|Any CPU
		{7E62C4FF-E2E8-4AA1-B3F1-1A22F12D743C}.Debug|Mixed Platforms.ActiveCfg = Debug|Any CPU
		{7E62C4FF-E2E8-4AA1-B3F1-1A22F12D743C}.Debug|Mixed Platforms.Build.0 = Debug|Any CPU
		{7E62C4FF-E2E8-4AA1-B3F1-1A22F12D743C}.Debug|x86.ActiveCfg = Debug|Any CPU
		{7E62C4FF-E2E8-4AA1-B3F1-1A22F12D743C}.Release|Any CPU.ActiveCfg = Release|Any CPU
		{7E62C4FF-E2E8-4AA1-B3F1-1A22F12D743C}.Release|Any CPU.Build.0 = Release|Any CPU
		{7E62C4FF-E2E8-4AA1-B3F1-1A22F12D743C}.Release|Mixed Platforms.ActiveCfg = Release|Any CPU
		{7E62C4FF-E2E8-4AA1-B3F1-1A22F12D743C}.Release|Mixed Platforms.Build.0 = Release|Any CPU
		{7E62C4FF-E2E8-4AA1-B3F1-1A22F12D743C}.Release|x86.ActiveCfg = Release|Any CPU
		{AAA136B6-9A62-4BDE-88E0-50A0DC9E2215}.Debug|Any CPU.ActiveCfg = Debug|Any CPU
		{AAA136B6-9A62-4BDE-88E0-50A0DC9E2215}.Debug|Any CPU.Build.0 = Debug|Any CPU
		{AAA136B6-9A62-4BDE-88E0-50A0DC9E2215}.Debug|Mixed Platforms.ActiveCfg = Debug|Any CPU
		{AAA136B6-9A62-4BDE-88E0-50A0DC9E2215}.Debug|Mixed Platforms.Build.0 = Debug|Any CPU
		{AAA136B6-9A62-4BDE-88E0-50A0DC9E2215}.Debug|x86.ActiveCfg = Debug|Any CPU
		{AAA136B6-9A62-4BDE-88E0-50A0DC9E2215}.Release|Any CPU.ActiveCfg = Release|Any CPU
		{AAA136B6-9A62-4BDE-88E0-50A0DC9E2215}.Release|Any CPU.Build.0 = Release|Any CPU
		{AAA136B6-9A62-4BDE-88E0-50A0DC9E2215}.Release|Mixed Platforms.ActiveCfg = Release|Any CPU
		{AAA136B6-9A62-4BDE-88E0-50A0DC9E2215}.Release|Mixed Platforms.Build.0 = Release|Any CPU
		{AAA136B6-9A62-4BDE-88E0-50A0DC9E2215}.Release|x86.ActiveCfg = Release|Any CPU
		{990923CB-10A0-46EC-B76E-ED28B12EDEDC}.Debug|Any CPU.ActiveCfg = Debug|Any CPU
		{990923CB-10A0-46EC-B76E-ED28B12EDEDC}.Debug|Any CPU.Build.0 = Debug|Any CPU
		{990923CB-10A0-46EC-B76E-ED28B12EDEDC}.Debug|Mixed Platforms.ActiveCfg = Debug|Any CPU
		{990923CB-10A0-46EC-B76E-ED28B12EDEDC}.Debug|Mixed Platforms.Build.0 = Debug|Any CPU
		{990923CB-10A0-46EC-B76E-ED28B12EDEDC}.Debug|x86.ActiveCfg = Debug|Any CPU
		{990923CB-10A0-46EC-B76E-ED28B12EDEDC}.Release|Any CPU.ActiveCfg = Release|Any CPU
		{990923CB-10A0-46EC-B76E-ED28B12EDEDC}.Release|Any CPU.Build.0 = Release|Any CPU
		{990923CB-10A0-46EC-B76E-ED28B12EDEDC}.Release|Mixed Platforms.ActiveCfg = Release|Any CPU
		{990923CB-10A0-46EC-B76E-ED28B12EDEDC}.Release|Mixed Platforms.Build.0 = Release|Any CPU
		{990923CB-10A0-46EC-B76E-ED28B12EDEDC}.Release|x86.ActiveCfg = Release|Any CPU
		{54E6D3FA-98D4-46EC-A5A2-6E58A32E1950}.Debug|Any CPU.ActiveCfg = Debug|Any CPU
		{54E6D3FA-98D4-46EC-A5A2-6E58A32E1950}.Debug|Any CPU.Build.0 = Debug|Any CPU
		{54E6D3FA-98D4-46EC-A5A2-6E58A32E1950}.Debug|Mixed Platforms.ActiveCfg = Debug|Any CPU
		{54E6D3FA-98D4-46EC-A5A2-6E58A32E1950}.Debug|Mixed Platforms.Build.0 = Debug|Any CPU
		{54E6D3FA-98D4-46EC-A5A2-6E58A32E1950}.Debug|x86.ActiveCfg = Debug|Any CPU
		{54E6D3FA-98D4-46EC-A5A2-6E58A32E1950}.Release|Any CPU.ActiveCfg = Release|Any CPU
		{54E6D3FA-98D4-46EC-A5A2-6E58A32E1950}.Release|Any CPU.Build.0 = Release|Any CPU
		{54E6D3FA-98D4-46EC-A5A2-6E58A32E1950}.Release|Mixed Platforms.ActiveCfg = Release|Any CPU
		{54E6D3FA-98D4-46EC-A5A2-6E58A32E1950}.Release|Mixed Platforms.Build.0 = Release|Any CPU
		{54E6D3FA-98D4-46EC-A5A2-6E58A32E1950}.Release|x86.ActiveCfg = Release|Any CPU
	EndGlobalSection
	GlobalSection(SolutionProperties) = preSolution
		HideSolutionNode = FALSE
	EndGlobalSection
	GlobalSection(NestedProjects) = preSolution
		{B1AE7CE0-9D40-4294-99B3-3DB1C6FD7AAD} = {CDC825F0-25AB-4610-A446-B3E74DD9F5EA}
		{ABCF2024-B9ED-4BF1-B19F-336BB94CEFB2} = {CDC825F0-25AB-4610-A446-B3E74DD9F5EA}
		{26084897-09EC-4255-A641-BED2A36FDB99} = {CDC825F0-25AB-4610-A446-B3E74DD9F5EA}
		{160A2F87-45D9-4603-BE1A-A1815F3FC034} = {CDC825F0-25AB-4610-A446-B3E74DD9F5EA}
		{45489865-42D0-47B9-B401-E6F2B7B29A90} = {CDC825F0-25AB-4610-A446-B3E74DD9F5EA}
		{E042347C-874C-490F-9185-D3F140FE51F0} = {CDC825F0-25AB-4610-A446-B3E74DD9F5EA}
		{7E62C4FF-E2E8-4AA1-B3F1-1A22F12D743C} = {CDC825F0-25AB-4610-A446-B3E74DD9F5EA}
		{AAA136B6-9A62-4BDE-88E0-50A0DC9E2215} = {CDC825F0-25AB-4610-A446-B3E74DD9F5EA}
		{990923CB-10A0-46EC-B76E-ED28B12EDEDC} = {CDC825F0-25AB-4610-A446-B3E74DD9F5EA}
		{54E6D3FA-98D4-46EC-A5A2-6E58A32E1950} = {CDC825F0-25AB-4610-A446-B3E74DD9F5EA}
	EndGlobalSection
EndGlobal
