
Microsoft Visual Studio Solution File, Format Version 11.00
# Visual Studio 2010
Project("{FAE04EC0-301F-11D3-BF4B-00C04F79EFBC}") = "FourierTransformTest", "FourierTransformTest\FourierTransformTest.csproj", "{36380247-70E9-47DD-96FA-6EEB883D7265}"
EndProject
Global
	GlobalSection(SolutionConfigurationPlatforms) = preSolution
		Debug|x86 = Debug|x86
		Release|x86 = Release|x86
	EndGlobalSection
	GlobalSection(ProjectConfigurationPlatforms) = postSolution
		{36380247-70E9-47DD-96FA-6EEB883D7265}.Debug|x86.ActiveCfg = Debug|x86
		{36380247-70E9-47DD-96FA-6EEB883D7265}.Debug|x86.Build.0 = Debug|x86
		{36380247-70E9-47DD-96FA-6EEB883D7265}.Release|x86.ActiveCfg = Release|x86
		{36380247-70E9-47DD-96FA-6EEB883D7265}.Release|x86.Build.0 = Release|x86
	EndGlobalSection
	GlobalSection(SolutionProperties) = preSolution
		HideSolutionNode = FALSE
	EndGlobalSection
EndGlobal
